
Microsoft Visual Studio Solution File, Format Version 12.00
# Visual Studio Version 17
VisualStudioVersion = 17.5.33627.172
MinimumVisualStudioVersion = 10.0.40219.1
Project("{FAE04EC0-301F-11D3-BF4B-00C04F79EFBC}") = "01.ReadText", "01.ReadText\01.ReadText.csproj", "{6FDECB48-8A8A-4604-8E3E-8CFEA40E24FC}"
EndProject
Project("{FAE04EC0-301F-11D3-BF4B-00C04F79EFBC}") = "02.Password", "02.Password\02.Password.csproj", "{37A74079-BE5F-442F-94AE-35102E7235EB}"
EndProject
Project("{FAE04EC0-301F-11D3-BF4B-00C04F79EFBC}") = "03.SumNumbers", "03.SumNumbers\03.SumNumbers.csproj", "{B63A589F-2726-4998-980B-F6EEFA47D6A2}"
EndProject
Project("{FAE04EC0-301F-11D3-BF4B-00C04F79EFBC}") = "04.Sequence2k+1", "04.Sequence2k+1\04.Sequence2k+1.csproj", "{7E6D30C7-0FBD-4314-9C8B-2D34990B3F32}"
EndProject
Project("{FAE04EC0-301F-11D3-BF4B-00C04F79EFBC}") = "05.AccountBalance", "05.AccountBalance\05.AccountBalance.csproj", "{E3C81955-59BE-4D89-AB0C-627FCA9FD7B1}"
EndProject
Project("{FAE04EC0-301F-11D3-BF4B-00C04F79EFBC}") = "06.MaxNumber", "06.MaxNumber\06.MaxNumber.csproj", "{D97C4160-EABA-4566-ABE3-75DEB3D8286C}"
EndProject
Project("{FAE04EC0-301F-11D3-BF4B-00C04F79EFBC}") = "07.MinNumber", "07.MinNumber\07.MinNumber.csproj", "{DD4913EA-8C55-4E60-BABE-9ECB28214BB9}"
EndProject
Project("{FAE04EC0-301F-11D3-BF4B-00C04F79EFBC}") = "08.Graduation", "08.Graduation\08.Graduation.csproj", "{173768EB-6BE1-4CAE-97F6-A1A7C04F90ED}"
EndProject
Global
	GlobalSection(SolutionConfigurationPlatforms) = preSolution
		Debug|Any CPU = Debug|Any CPU
		Release|Any CPU = Release|Any CPU
	EndGlobalSection
	GlobalSection(ProjectConfigurationPlatforms) = postSolution
		{6FDECB48-8A8A-4604-8E3E-8CFEA40E24FC}.Debug|Any CPU.ActiveCfg = Debug|Any CPU
		{6FDECB48-8A8A-4604-8E3E-8CFEA40E24FC}.Debug|Any CPU.Build.0 = Debug|Any CPU
		{6FDECB48-8A8A-4604-8E3E-8CFEA40E24FC}.Release|Any CPU.ActiveCfg = Release|Any CPU
		{6FDECB48-8A8A-4604-8E3E-8CFEA40E24FC}.Release|Any CPU.Build.0 = Release|Any CPU
		{37A74079-BE5F-442F-94AE-35102E7235EB}.Debug|Any CPU.ActiveCfg = Debug|Any CPU
		{37A74079-BE5F-442F-94AE-35102E7235EB}.Debug|Any CPU.Build.0 = Debug|Any CPU
		{37A74079-BE5F-442F-94AE-35102E7235EB}.Release|Any CPU.ActiveCfg = Release|Any CPU
		{37A74079-BE5F-442F-94AE-35102E7235EB}.Release|Any CPU.Build.0 = Release|Any CPU
		{B63A589F-2726-4998-980B-F6EEFA47D6A2}.Debug|Any CPU.ActiveCfg = Debug|Any CPU
		{B63A589F-2726-4998-980B-F6EEFA47D6A2}.Debug|Any CPU.Build.0 = Debug|Any CPU
		{B63A589F-2726-4998-980B-F6EEFA47D6A2}.Release|Any CPU.ActiveCfg = Release|Any CPU
		{B63A589F-2726-4998-980B-F6EEFA47D6A2}.Release|Any CPU.Build.0 = Release|Any CPU
		{7E6D30C7-0FBD-4314-9C8B-2D34990B3F32}.Debug|Any CPU.ActiveCfg = Debug|Any CPU
		{7E6D30C7-0FBD-4314-9C8B-2D34990B3F32}.Debug|Any CPU.Build.0 = Debug|Any CPU
		{7E6D30C7-0FBD-4314-9C8B-2D34990B3F32}.Release|Any CPU.ActiveCfg = Release|Any CPU
		{7E6D30C7-0FBD-4314-9C8B-2D34990B3F32}.Release|Any CPU.Build.0 = Release|Any CPU
		{E3C81955-59BE-4D89-AB0C-627FCA9FD7B1}.Debug|Any CPU.ActiveCfg = Debug|Any CPU
		{E3C81955-59BE-4D89-AB0C-627FCA9FD7B1}.Debug|Any CPU.Build.0 = Debug|Any CPU
		{E3C81955-59BE-4D89-AB0C-627FCA9FD7B1}.Release|Any CPU.ActiveCfg = Release|Any CPU
		{E3C81955-59BE-4D89-AB0C-627FCA9FD7B1}.Release|Any CPU.Build.0 = Release|Any CPU
		{D97C4160-EABA-4566-ABE3-75DEB3D8286C}.Debug|Any CPU.ActiveCfg = Debug|Any CPU
		{D97C4160-EABA-4566-ABE3-75DEB3D8286C}.Debug|Any CPU.Build.0 = Debug|Any CPU
		{D97C4160-EABA-4566-ABE3-75DEB3D8286C}.Release|Any CPU.ActiveCfg = Release|Any CPU
		{D97C4160-EABA-4566-ABE3-75DEB3D8286C}.Release|Any CPU.Build.0 = Release|Any CPU
		{DD4913EA-8C55-4E60-BABE-9ECB28214BB9}.Debug|Any CPU.ActiveCfg = Debug|Any CPU
		{DD4913EA-8C55-4E60-BABE-9ECB28214BB9}.Debug|Any CPU.Build.0 = Debug|Any CPU
		{DD4913EA-8C55-4E60-BABE-9ECB28214BB9}.Release|Any CPU.ActiveCfg = Release|Any CPU
		{DD4913EA-8C55-4E60-BABE-9ECB28214BB9}.Release|Any CPU.Build.0 = Release|Any CPU
		{173768EB-6BE1-4CAE-97F6-A1A7C04F90ED}.Debug|Any CPU.ActiveCfg = Debug|Any CPU
		{173768EB-6BE1-4CAE-97F6-A1A7C04F90ED}.Debug|Any CPU.Build.0 = Debug|Any CPU
		{173768EB-6BE1-4CAE-97F6-A1A7C04F90ED}.Release|Any CPU.ActiveCfg = Release|Any CPU
		{173768EB-6BE1-4CAE-97F6-A1A7C04F90ED}.Release|Any CPU.Build.0 = Release|Any CPU
	EndGlobalSection
	GlobalSection(SolutionProperties) = preSolution
		HideSolutionNode = FALSE
	EndGlobalSection
	GlobalSection(ExtensibilityGlobals) = postSolution
		SolutionGuid = {1F9A62FF-CE70-4474-904D-EB50CFDFBB76}
	EndGlobalSection
EndGlobal
